
Microsoft Visual Studio Solution File, Format Version 12.00
# Visual Studio Version 16
VisualStudioVersion = 16.0.31424.327
MinimumVisualStudioVersion = 10.0.40219.1
Project("{FAE04EC0-301F-11D3-BF4B-00C04F79EFBC}") = "MovieTheater", "MovieTheater.csproj", "{81C3D77D-36E4-4514-A570-E37F8CB8653B}"
EndProject
Global
	GlobalSection(SolutionConfigurationPlatforms) = preSolution
		Debug|Any CPU = Debug|Any CPU
		Release|Any CPU = Release|Any CPU
	EndGlobalSection
	GlobalSection(ProjectConfigurationPlatforms) = postSolution
		{81C3D77D-36E4-4514-A570-E37F8CB8653B}.Debug|Any CPU.ActiveCfg = Debug|Any CPU
		{81C3D77D-36E4-4514-A570-E37F8CB8653B}.Debug|Any CPU.Build.0 = Debug|Any CPU
		{81C3D77D-36E4-4514-A570-E37F8CB8653B}.Release|Any CPU.ActiveCfg = Release|Any CPU
		{81C3D77D-36E4-4514-A570-E37F8CB8653B}.Release|Any CPU.Build.0 = Release|Any CPU
	EndGlobalSection
	GlobalSection(SolutionProperties) = preSolution
		HideSolutionNode = FALSE
	EndGlobalSection
	GlobalSection(ExtensibilityGlobals) = postSolution
		SolutionGuid = {4539EADB-534D-491B-A572-643964C326BC}
	EndGlobalSection
EndGlobal
